
Microsoft Visual Studio Solution File, Format Version 12.00
Project("{FAE04EC0-301F-11D3-BF4B-00C04F79EFBC}") = "lab1.1", "lab1.1.csproj", "{E69CCC21-3960-4084-9E6A-95CD146E449C}"
EndProject
Global
	GlobalSection(SolutionConfigurationPlatforms) = preSolution
		Debug|Any CPU = Debug|Any CPU
		Release|Any CPU = Release|Any CPU
	EndGlobalSection
	GlobalSection(ProjectConfigurationPlatforms) = postSolution
		{E69CCC21-3960-4084-9E6A-95CD146E449C}.Debug|Any CPU.ActiveCfg = Debug|Any CPU
		{E69CCC21-3960-4084-9E6A-95CD146E449C}.Debug|Any CPU.Build.0 = Debug|Any CPU
		{E69CCC21-3960-4084-9E6A-95CD146E449C}.Release|Any CPU.ActiveCfg = Release|Any CPU
		{E69CCC21-3960-4084-9E6A-95CD146E449C}.Release|Any CPU.Build.0 = Release|Any CPU
	EndGlobalSection
EndGlobal
